
Microsoft Visual Studio Solution File, Format Version 12.00
# Visual Studio 2013
VisualStudioVersion = 12.0.21005.1
MinimumVisualStudioVersion = 10.0.40219.1
Project("{FAE04EC0-301F-11D3-BF4B-00C04F79EFBC}") = "NJ.WindowsService.WSExemplo", "src\NJ.WindowsService.WSExemplo\NJ.WindowsService.WSExemplo.csproj", "{9142F04F-18A9-420A-93C3-68F205B04FE0}"
EndProject
Global
	GlobalSection(SolutionConfigurationPlatforms) = preSolution
		Debug|Any CPU = Debug|Any CPU
		Release|Any CPU = Release|Any CPU
	EndGlobalSection
	GlobalSection(ProjectConfigurationPlatforms) = postSolution
		{9142F04F-18A9-420A-93C3-68F205B04FE0}.Debug|Any CPU.ActiveCfg = Debug|Any CPU
		{9142F04F-18A9-420A-93C3-68F205B04FE0}.Debug|Any CPU.Build.0 = Debug|Any CPU
		{9142F04F-18A9-420A-93C3-68F205B04FE0}.Release|Any CPU.ActiveCfg = Release|Any CPU
		{9142F04F-18A9-420A-93C3-68F205B04FE0}.Release|Any CPU.Build.0 = Release|Any CPU
	EndGlobalSection
	GlobalSection(SolutionProperties) = preSolution
		HideSolutionNode = FALSE
	EndGlobalSection
EndGlobal
